
Microsoft Visual Studio Solution File, Format Version 12.00
# Visual Studio Version 16
VisualStudioVersion = 16.0.32929.386
MinimumVisualStudioVersion = 10.0.40219.1
Project("{9A19103F-16F7-4668-BE54-9A1E7A4F7556}") = "CarRentalManagement.Server", "CarRentalManagement\Server\CarRentalManagement.Server.csproj", "{CAC1C763-EE43-4281-A5F2-9EA3F417FFBD}"
EndProject
Project("{9A19103F-16F7-4668-BE54-9A1E7A4F7556}") = "CarRentalManagement.Client", "CarRentalManagement\Client\CarRentalManagement.Client.csproj", "{EF7F34B3-A1FE-4B36-B9B5-3B6A12A51A5A}"
EndProject
Project("{9A19103F-16F7-4668-BE54-9A1E7A4F7556}") = "CarRentalManagement.Shared", "CarRentalManagement\Shared\CarRentalManagement.Shared.csproj", "{62498980-BCB6-4C78-AD96-62993F9A1951}"
EndProject
Global
	GlobalSection(SolutionConfigurationPlatforms) = preSolution
		Debug|Any CPU = Debug|Any CPU
		Release|Any CPU = Release|Any CPU
	EndGlobalSection
	GlobalSection(ProjectConfigurationPlatforms) = postSolution
		{CAC1C763-EE43-4281-A5F2-9EA3F417FFBD}.Debug|Any CPU.ActiveCfg = Debug|Any CPU
		{CAC1C763-EE43-4281-A5F2-9EA3F417FFBD}.Debug|Any CPU.Build.0 = Debug|Any CPU
		{CAC1C763-EE43-4281-A5F2-9EA3F417FFBD}.Release|Any CPU.ActiveCfg = Release|Any CPU
		{CAC1C763-EE43-4281-A5F2-9EA3F417FFBD}.Release|Any CPU.Build.0 = Release|Any CPU
		{EF7F34B3-A1FE-4B36-B9B5-3B6A12A51A5A}.Debug|Any CPU.ActiveCfg = Debug|Any CPU
		{EF7F34B3-A1FE-4B36-B9B5-3B6A12A51A5A}.Debug|Any CPU.Build.0 = Debug|Any CPU
		{EF7F34B3-A1FE-4B36-B9B5-3B6A12A51A5A}.Release|Any CPU.ActiveCfg = Release|Any CPU
		{EF7F34B3-A1FE-4B36-B9B5-3B6A12A51A5A}.Release|Any CPU.Build.0 = Release|Any CPU
		{62498980-BCB6-4C78-AD96-62993F9A1951}.Debug|Any CPU.ActiveCfg = Debug|Any CPU
		{62498980-BCB6-4C78-AD96-62993F9A1951}.Debug|Any CPU.Build.0 = Debug|Any CPU
		{62498980-BCB6-4C78-AD96-62993F9A1951}.Release|Any CPU.ActiveCfg = Release|Any CPU
		{62498980-BCB6-4C78-AD96-62993F9A1951}.Release|Any CPU.Build.0 = Release|Any CPU
	EndGlobalSection
	GlobalSection(SolutionProperties) = preSolution
		HideSolutionNode = FALSE
	EndGlobalSection
	GlobalSection(ExtensibilityGlobals) = postSolution
		SolutionGuid = {74A7DF00-A552-4B1F-96D2-F2AD33A777E0}
	EndGlobalSection
EndGlobal
